
Microsoft Visual Studio Solution File, Format Version 12.00
# Visual Studio Version 16
VisualStudioVersion = 16.0.29519.87
MinimumVisualStudioVersion = 10.0.40219.1
Project("{9A19103F-16F7-4668-BE54-9A1E7A4F7556}") = "GyemsMotor", "GyemsMotor\GyemsMotor.csproj", "{4F80C02E-01EF-4326-97CF-318D22A04F93}"
EndProject
Project("{9A19103F-16F7-4668-BE54-9A1E7A4F7556}") = "CanInterface", "Can.Net\CanInterface\CanInterface.csproj", "{983B6D77-8DC6-4A7B-801A-676942724A26}"
EndProject
Project("{9A19103F-16F7-4668-BE54-9A1E7A4F7556}") = "PeakCan", "Can.Net\PeakCan\PeakCan.csproj", "{16290608-FF35-4845-8050-DF5473D58149}"
EndProject
Project("{9A19103F-16F7-4668-BE54-9A1E7A4F7556}") = "UsbCanAnalyzer", "Can.Net\UsbCanAnalyzer\UsbCanAnalyzer.csproj", "{18F36787-885B-422B-A139-464FE32385B7}"
EndProject
Project("{FAE04EC0-301F-11D3-BF4B-00C04F79EFBC}") = "GyemsMotorCoreExample", "GyemsMotorCoreExample\GyemsMotorCoreExample.csproj", "{79CA3D3E-3269-47B0-BD94-7D20DBC8DE12}"
EndProject
Global
	GlobalSection(SolutionConfigurationPlatforms) = preSolution
		Debug|Any CPU = Debug|Any CPU
		Release|Any CPU = Release|Any CPU
	EndGlobalSection
	GlobalSection(ProjectConfigurationPlatforms) = postSolution
		{4F80C02E-01EF-4326-97CF-318D22A04F93}.Debug|Any CPU.ActiveCfg = Debug|Any CPU
		{4F80C02E-01EF-4326-97CF-318D22A04F93}.Debug|Any CPU.Build.0 = Debug|Any CPU
		{4F80C02E-01EF-4326-97CF-318D22A04F93}.Release|Any CPU.ActiveCfg = Release|Any CPU
		{4F80C02E-01EF-4326-97CF-318D22A04F93}.Release|Any CPU.Build.0 = Release|Any CPU
		{983B6D77-8DC6-4A7B-801A-676942724A26}.Debug|Any CPU.ActiveCfg = Debug|Any CPU
		{983B6D77-8DC6-4A7B-801A-676942724A26}.Debug|Any CPU.Build.0 = Debug|Any CPU
		{983B6D77-8DC6-4A7B-801A-676942724A26}.Release|Any CPU.ActiveCfg = Release|Any CPU
		{983B6D77-8DC6-4A7B-801A-676942724A26}.Release|Any CPU.Build.0 = Release|Any CPU
		{16290608-FF35-4845-8050-DF5473D58149}.Debug|Any CPU.ActiveCfg = Debug|Any CPU
		{16290608-FF35-4845-8050-DF5473D58149}.Debug|Any CPU.Build.0 = Debug|Any CPU
		{16290608-FF35-4845-8050-DF5473D58149}.Release|Any CPU.ActiveCfg = Release|Any CPU
		{16290608-FF35-4845-8050-DF5473D58149}.Release|Any CPU.Build.0 = Release|Any CPU
		{18F36787-885B-422B-A139-464FE32385B7}.Debug|Any CPU.ActiveCfg = Debug|Any CPU
		{18F36787-885B-422B-A139-464FE32385B7}.Debug|Any CPU.Build.0 = Debug|Any CPU
		{18F36787-885B-422B-A139-464FE32385B7}.Release|Any CPU.ActiveCfg = Release|Any CPU
		{18F36787-885B-422B-A139-464FE32385B7}.Release|Any CPU.Build.0 = Release|Any CPU
		{79CA3D3E-3269-47B0-BD94-7D20DBC8DE12}.Debug|Any CPU.ActiveCfg = Debug|Any CPU
		{79CA3D3E-3269-47B0-BD94-7D20DBC8DE12}.Debug|Any CPU.Build.0 = Debug|Any CPU
		{79CA3D3E-3269-47B0-BD94-7D20DBC8DE12}.Release|Any CPU.ActiveCfg = Release|Any CPU
		{79CA3D3E-3269-47B0-BD94-7D20DBC8DE12}.Release|Any CPU.Build.0 = Release|Any CPU
	EndGlobalSection
	GlobalSection(SolutionProperties) = preSolution
		HideSolutionNode = FALSE
	EndGlobalSection
	GlobalSection(ExtensibilityGlobals) = postSolution
		SolutionGuid = {0B26C36D-5462-494B-A610-A7A58812A2A3}
	EndGlobalSection
EndGlobal
